// !$*UTF8*$!
{
	archiveVersion = 1;
	classes = {
	};
	objectVersion = 52;
	objects = {

/* Begin PBXBuildFile section */
		F6A23F1F26C37D92008021BA /* UIColor+Extension.swift in Sources */ = {isa = PBXBuildFile; fileRef = F6A23F1E26C37D92008021BA /* UIColor+Extension.swift */; };
		F6A23F2226C38D3B008021BA /* CustomTextField.swift in Sources */ = {isa = PBXBuildFile; fileRef = F6A23F2126C38D3B008021BA /* CustomTextField.swift */; };
		F6A23F2426C396BE008021BA /* CustomButton.swift in Sources */ = {isa = PBXBuildFile; fileRef = F6A23F2326C396BE008021BA /* CustomButton.swift */; };
		F6A23F2C26C3A598008021BA /* APIPath.swift in Sources */ = {isa = PBXBuildFile; fileRef = F6A23F2B26C3A598008021BA /* APIPath.swift */; };
		F6A23F2E26C3A5A2008021BA /* APILoader.swift in Sources */ = {isa = PBXBuildFile; fileRef = F6A23F2D26C3A5A2008021BA /* APILoader.swift */; };
		F6A23F3026C3A5AE008021BA /* APIHandler.swift in Sources */ = {isa = PBXBuildFile; fileRef = F6A23F2F26C3A5AE008021BA /* APIHandler.swift */; };
		F6A23F3226C3A5C2008021BA /* APIEnvironment.swift in Sources */ = {isa = PBXBuildFile; fileRef = F6A23F3126C3A5C2008021BA /* APIEnvironment.swift */; };
		F6A23F3426C3A632008021BA /* RequestHandler+Extension.swift in Sources */ = {isa = PBXBuildFile; fileRef = F6A23F3326C3A632008021BA /* RequestHandler+Extension.swift */; };
		F6A23F3626C3A641008021BA /* ResponseHandler+Extension.swift in Sources */ = {isa = PBXBuildFile; fileRef = F6A23F3526C3A641008021BA /* ResponseHandler+Extension.swift */; };
		F6A23F3826C3A707008021BA /* SubmitInvitationRequestAPI.swift in Sources */ = {isa = PBXBuildFile; fileRef = F6A23F3726C3A707008021BA /* SubmitInvitationRequestAPI.swift */; };
		F6A23F3A26C3ABDC008021BA /* HomeViewModel.swift in Sources */ = {isa = PBXBuildFile; fileRef = F6A23F3926C3ABDC008021BA /* HomeViewModel.swift */; };
		F6A23F3D26C3AD3A008021BA /* ResponseModel.swift in Sources */ = {isa = PBXBuildFile; fileRef = F6A23F3C26C3AD3A008021BA /* ResponseModel.swift */; };
		F6A23F4426C3C97A008021BA /* RequestModel.swift in Sources */ = {isa = PBXBuildFile; fileRef = F6A23F4326C3C97A008021BA /* RequestModel.swift */; };
		F6A23F4626C40249008021BA /* CongratulationsViewController.swift in Sources */ = {isa = PBXBuildFile; fileRef = F6A23F4526C40249008021BA /* CongratulationsViewController.swift */; };
		F6A23F4826C40843008021BA /* confetti.json in Resources */ = {isa = PBXBuildFile; fileRef = F6A23F4726C40843008021BA /* confetti.json */; };
		F6A23F4A26C41D36008021BA /* RegistrationCancelled.swift in Sources */ = {isa = PBXBuildFile; fileRef = F6A23F4926C41D36008021BA /* RegistrationCancelled.swift */; };
		F6A23F4E26C4202E008021BA /* cry.json in Resources */ = {isa = PBXBuildFile; fileRef = F6A23F4D26C4202E008021BA /* cry.json */; };
		F6A23F5E26C4238E008021BA /* HomeViewModelTest.swift in Sources */ = {isa = PBXBuildFile; fileRef = F6A23F5D26C4238E008021BA /* HomeViewModelTest.swift */; };
		F6A4888C26C368F700A07C44 /* AppDelegate.swift in Sources */ = {isa = PBXBuildFile; fileRef = F6A4888B26C368F700A07C44 /* AppDelegate.swift */; };
		F6A4888E26C368F700A07C44 /* SceneDelegate.swift in Sources */ = {isa = PBXBuildFile; fileRef = F6A4888D26C368F700A07C44 /* SceneDelegate.swift */; };
		F6A4889026C368F700A07C44 /* HomeViewController.swift in Sources */ = {isa = PBXBuildFile; fileRef = F6A4888F26C368F700A07C44 /* HomeViewController.swift */; };
		F6A4889526C368FB00A07C44 /* Assets.xcassets in Resources */ = {isa = PBXBuildFile; fileRef = F6A4889426C368FB00A07C44 /* Assets.xcassets */; };
		F6A4889826C368FB00A07C44 /* LaunchScreen.storyboard in Resources */ = {isa = PBXBuildFile; fileRef = F6A4889626C368FB00A07C44 /* LaunchScreen.storyboard */; };
		F6A488A726C36C2900A07C44 /* Lottie in Frameworks */ = {isa = PBXBuildFile; productRef = F6A488A626C36C2900A07C44 /* Lottie */; };
		F6A488AA26C36DBA00A07C44 /* spacial-broccoli.json in Resources */ = {isa = PBXBuildFile; fileRef = F6A488A826C36DBA00A07C44 /* spacial-broccoli.json */; };
		F6A488AB26C36DBA00A07C44 /* walking-broccoli.json in Resources */ = {isa = PBXBuildFile; fileRef = F6A488A926C36DBA00A07C44 /* walking-broccoli.json */; };
		F6E34F3726C4B57100297990 /* HomeViewControllerTests.swift in Sources */ = {isa = PBXBuildFile; fileRef = F6E34F3626C4B57100297990 /* HomeViewControllerTests.swift */; };
		F6E34F3926C4D74D00297990 /* logo.jpeg in Resources */ = {isa = PBXBuildFile; fileRef = F6E34F3826C4D74D00297990 /* logo.jpeg */; };
/* End PBXBuildFile section */

/* Begin PBXContainerItemProxy section */
		F6A23F5826C42364008021BA /* PBXContainerItemProxy */ = {
			isa = PBXContainerItemProxy;
			containerPortal = F6A4888026C368F700A07C44 /* Project object */;
			proxyType = 1;
			remoteGlobalIDString = F6A4888726C368F700A07C44;
			remoteInfo = "Blinq-App";
		};
/* End PBXContainerItemProxy section */

/* Begin PBXFileReference section */
		F6A23F1E26C37D92008021BA /* UIColor+Extension.swift */ = {isa = PBXFileReference; lastKnownFileType = sourcecode.swift; path = "UIColor+Extension.swift"; sourceTree = "<group>"; };
		F6A23F2126C38D3B008021BA /* CustomTextField.swift */ = {isa = PBXFileReference; lastKnownFileType = sourcecode.swift; path = CustomTextField.swift; sourceTree = "<group>"; };
		F6A23F2326C396BE008021BA /* CustomButton.swift */ = {isa = PBXFileReference; lastKnownFileType = sourcecode.swift; path = CustomButton.swift; sourceTree = "<group>"; };
		F6A23F2B26C3A598008021BA /* APIPath.swift */ = {isa = PBXFileReference; lastKnownFileType = sourcecode.swift; path = APIPath.swift; sourceTree = "<group>"; };
		F6A23F2D26C3A5A2008021BA /* APILoader.swift */ = {isa = PBXFileReference; lastKnownFileType = sourcecode.swift; path = APILoader.swift; sourceTree = "<group>"; };
		F6A23F2F26C3A5AE008021BA /* APIHandler.swift */ = {isa = PBXFileReference; lastKnownFileType = sourcecode.swift; path = APIHandler.swift; sourceTree = "<group>"; };
		F6A23F3126C3A5C2008021BA /* APIEnvironment.swift */ = {isa = PBXFileReference; lastKnownFileType = sourcecode.swift; path = APIEnvironment.swift; sourceTree = "<group>"; };
		F6A23F3326C3A632008021BA /* RequestHandler+Extension.swift */ = {isa = PBXFileReference; lastKnownFileType = sourcecode.swift; path = "RequestHandler+Extension.swift"; sourceTree = "<group>"; };
		F6A23F3526C3A641008021BA /* ResponseHandler+Extension.swift */ = {isa = PBXFileReference; lastKnownFileType = sourcecode.swift; path = "ResponseHandler+Extension.swift"; sourceTree = "<group>"; };
		F6A23F3726C3A707008021BA /* SubmitInvitationRequestAPI.swift */ = {isa = PBXFileReference; lastKnownFileType = sourcecode.swift; path = SubmitInvitationRequestAPI.swift; sourceTree = "<group>"; };
		F6A23F3926C3ABDC008021BA /* HomeViewModel.swift */ = {isa = PBXFileReference; lastKnownFileType = sourcecode.swift; path = HomeViewModel.swift; sourceTree = "<group>"; };
		F6A23F3C26C3AD3A008021BA /* ResponseModel.swift */ = {isa = PBXFileReference; lastKnownFileType = sourcecode.swift; path = ResponseModel.swift; sourceTree = "<group>"; };
		F6A23F4326C3C97A008021BA /* RequestModel.swift */ = {isa = PBXFileReference; lastKnownFileType = sourcecode.swift; path = RequestModel.swift; sourceTree = "<group>"; };
		F6A23F4526C40249008021BA /* CongratulationsViewController.swift */ = {isa = PBXFileReference; lastKnownFileType = sourcecode.swift; path = CongratulationsViewController.swift; sourceTree = "<group>"; };
		F6A23F4726C40843008021BA /* confetti.json */ = {isa = PBXFileReference; fileEncoding = 4; lastKnownFileType = text.json; name = confetti.json; path = "Blinq-App/Images/confetti.json"; sourceTree = SOURCE_ROOT; };
		F6A23F4926C41D36008021BA /* RegistrationCancelled.swift */ = {isa = PBXFileReference; lastKnownFileType = sourcecode.swift; path = RegistrationCancelled.swift; sourceTree = "<group>"; };
		F6A23F4D26C4202E008021BA /* cry.json */ = {isa = PBXFileReference; fileEncoding = 4; lastKnownFileType = text.json; name = cry.json; path = "Blinq-App/Images/cry.json"; sourceTree = SOURCE_ROOT; };
		F6A23F5326C42364008021BA /* Blinq-AppTests.xctest */ = {isa = PBXFileReference; explicitFileType = wrapper.cfbundle; includeInIndex = 0; path = "Blinq-AppTests.xctest"; sourceTree = BUILT_PRODUCTS_DIR; };
		F6A23F5726C42364008021BA /* Info.plist */ = {isa = PBXFileReference; lastKnownFileType = text.plist.xml; path = Info.plist; sourceTree = "<group>"; };
		F6A23F5D26C4238E008021BA /* HomeViewModelTest.swift */ = {isa = PBXFileReference; lastKnownFileType = sourcecode.swift; path = HomeViewModelTest.swift; sourceTree = "<group>"; };
		F6A4888826C368F700A07C44 /* Blinq-App.app */ = {isa = PBXFileReference; explicitFileType = wrapper.application; includeInIndex = 0; path = "Blinq-App.app"; sourceTree = BUILT_PRODUCTS_DIR; };
		F6A4888B26C368F700A07C44 /* AppDelegate.swift */ = {isa = PBXFileReference; lastKnownFileType = sourcecode.swift; path = AppDelegate.swift; sourceTree = "<group>"; };
		F6A4888D26C368F700A07C44 /* SceneDelegate.swift */ = {isa = PBXFileReference; lastKnownFileType = sourcecode.swift; path = SceneDelegate.swift; sourceTree = "<group>"; };
		F6A4888F26C368F700A07C44 /* HomeViewController.swift */ = {isa = PBXFileReference; lastKnownFileType = sourcecode.swift; path = HomeViewController.swift; sourceTree = "<group>"; };
		F6A4889426C368FB00A07C44 /* Assets.xcassets */ = {isa = PBXFileReference; lastKnownFileType = folder.assetcatalog; path = Assets.xcassets; sourceTree = "<group>"; };
		F6A4889726C368FB00A07C44 /* Base */ = {isa = PBXFileReference; lastKnownFileType = file.storyboard; name = Base; path = Base.lproj/LaunchScreen.storyboard; sourceTree = "<group>"; };
		F6A4889926C368FB00A07C44 /* Info.plist */ = {isa = PBXFileReference; lastKnownFileType = text.plist.xml; path = Info.plist; sourceTree = "<group>"; };
		F6A488A826C36DBA00A07C44 /* spacial-broccoli.json */ = {isa = PBXFileReference; fileEncoding = 4; lastKnownFileType = text.json; name = "spacial-broccoli.json"; path = "Blinq-App/Images/spacial-broccoli.json"; sourceTree = SOURCE_ROOT; };
		F6A488A926C36DBA00A07C44 /* walking-broccoli.json */ = {isa = PBXFileReference; fileEncoding = 4; lastKnownFileType = text.json; name = "walking-broccoli.json"; path = "Blinq-App/Images/walking-broccoli.json"; sourceTree = SOURCE_ROOT; };
		F6E34F3626C4B57100297990 /* HomeViewControllerTests.swift */ = {isa = PBXFileReference; lastKnownFileType = sourcecode.swift; path = HomeViewControllerTests.swift; sourceTree = "<group>"; };
		F6E34F3826C4D74D00297990 /* logo.jpeg */ = {isa = PBXFileReference; lastKnownFileType = image.jpeg; name = logo.jpeg; path = "Blinq-App/Images/logo.jpeg"; sourceTree = SOURCE_ROOT; };
/* End PBXFileReference section */

/* Begin PBXFrameworksBuildPhase section */
		F6A23F5026C42364008021BA /* Frameworks */ = {
			isa = PBXFrameworksBuildPhase;
			buildActionMask = 2147483647;
			files = (
			);
			runOnlyForDeploymentPostprocessing = 0;
		};
		F6A4888526C368F700A07C44 /* Frameworks */ = {
			isa = PBXFrameworksBuildPhase;
			buildActionMask = 2147483647;
			files = (
				F6A488A726C36C2900A07C44 /* Lottie in Frameworks */,
			);
			runOnlyForDeploymentPostprocessing = 0;
		};
/* End PBXFrameworksBuildPhase section */

/* Begin PBXGroup section */
		F6A23F1D26C37D7D008021BA /* Extension */ = {
			isa = PBXGroup;
			children = (
				F6A23F1E26C37D92008021BA /* UIColor+Extension.swift */,
			);
			path = Extension;
			sourceTree = "<group>";
		};
		F6A23F2026C38D2E008021BA /* CustomUI */ = {
			isa = PBXGroup;
			children = (
				F6A23F2126C38D3B008021BA /* CustomTextField.swift */,
				F6A23F2326C396BE008021BA /* CustomButton.swift */,
			);
			path = CustomUI;
			sourceTree = "<group>";
		};
		F6A23F3B26C3AD2E008021BA /* Model */ = {
			isa = PBXGroup;
			children = (
				F6A23F3C26C3AD3A008021BA /* ResponseModel.swift */,
				F6A23F4326C3C97A008021BA /* RequestModel.swift */,
			);
			path = Model;
			sourceTree = "<group>";
		};
		F6A23F5426C42364008021BA /* Blinq-AppTests */ = {
			isa = PBXGroup;
			children = (
				F6A23F5726C42364008021BA /* Info.plist */,
				F6A23F5D26C4238E008021BA /* HomeViewModelTest.swift */,
				F6E34F3626C4B57100297990 /* HomeViewControllerTests.swift */,
			);
			path = "Blinq-AppTests";
			sourceTree = "<group>";
		};
		F6A4887F26C368F700A07C44 = {
			isa = PBXGroup;
			children = (
				F6A4888A26C368F700A07C44 /* Blinq-App */,
				F6A23F5426C42364008021BA /* Blinq-AppTests */,
				F6A4888926C368F700A07C44 /* Products */,
			);
			sourceTree = "<group>";
		};
		F6A4888926C368F700A07C44 /* Products */ = {
			isa = PBXGroup;
			children = (
				F6A4888826C368F700A07C44 /* Blinq-App.app */,
				F6A23F5326C42364008021BA /* Blinq-AppTests.xctest */,
			);
			name = Products;
			sourceTree = "<group>";
		};
		F6A4888A26C368F700A07C44 /* Blinq-App */ = {
			isa = PBXGroup;
			children = (
				F6A23F3B26C3AD2E008021BA /* Model */,
				F6A23F2026C38D2E008021BA /* CustomUI */,
				F6A23F1D26C37D7D008021BA /* Extension */,
				F6A488A426C3699800A07C44 /* Resources */,
				F6A488A226C3698A00A07C44 /* Domain */,
				F6A488A126C3697D00A07C44 /* Network */,
				F6A488A026C3697100A07C44 /* ViewController */,
				F6A4889F26C3696700A07C44 /* ViewModel */,
			);
			path = "Blinq-App";
			sourceTree = "<group>";
		};
		F6A4889F26C3696700A07C44 /* ViewModel */ = {
			isa = PBXGroup;
			children = (
				F6A23F3926C3ABDC008021BA /* HomeViewModel.swift */,
			);
			path = ViewModel;
			sourceTree = "<group>";
		};
		F6A488A026C3697100A07C44 /* ViewController */ = {
			isa = PBXGroup;
			children = (
				F6A4888F26C368F700A07C44 /* HomeViewController.swift */,
				F6A23F4526C40249008021BA /* CongratulationsViewController.swift */,
				F6A23F4926C41D36008021BA /* RegistrationCancelled.swift */,
			);
			path = ViewController;
			sourceTree = "<group>";
		};
		F6A488A126C3697D00A07C44 /* Network */ = {
			isa = PBXGroup;
			children = (
				F6A23F2B26C3A598008021BA /* APIPath.swift */,
				F6A23F2D26C3A5A2008021BA /* APILoader.swift */,
				F6A23F2F26C3A5AE008021BA /* APIHandler.swift */,
				F6A23F3126C3A5C2008021BA /* APIEnvironment.swift */,
				F6A23F3326C3A632008021BA /* RequestHandler+Extension.swift */,
				F6A23F3526C3A641008021BA /* ResponseHandler+Extension.swift */,
			);
			path = Network;
			sourceTree = "<group>";
		};
		F6A488A226C3698A00A07C44 /* Domain */ = {
			isa = PBXGroup;
			children = (
				F6A23F3726C3A707008021BA /* SubmitInvitationRequestAPI.swift */,
			);
			path = Domain;
			sourceTree = "<group>";
		};
		F6A488A426C3699800A07C44 /* Resources */ = {
			isa = PBXGroup;
			children = (
				F6E34F3826C4D74D00297990 /* logo.jpeg */,
				F6A23F4D26C4202E008021BA /* cry.json */,
				F6A23F4726C40843008021BA /* confetti.json */,
				F6A488A826C36DBA00A07C44 /* spacial-broccoli.json */,
				F6A488A926C36DBA00A07C44 /* walking-broccoli.json */,
				F6A4888B26C368F700A07C44 /* AppDelegate.swift */,
				F6A4888D26C368F700A07C44 /* SceneDelegate.swift */,
				F6A4889426C368FB00A07C44 /* Assets.xcassets */,
				F6A4889626C368FB00A07C44 /* LaunchScreen.storyboard */,
				F6A4889926C368FB00A07C44 /* Info.plist */,
			);
			path = Resources;
			sourceTree = "<group>";
		};
/* End PBXGroup section */

/* Begin PBXNativeTarget section */
		F6A23F5226C42364008021BA /* Blinq-AppTests */ = {
			isa = PBXNativeTarget;
			buildConfigurationList = F6A23F5A26C42364008021BA /* Build configuration list for PBXNativeTarget "Blinq-AppTests" */;
			buildPhases = (
				F6A23F4F26C42364008021BA /* Sources */,
				F6A23F5026C42364008021BA /* Frameworks */,
				F6A23F5126C42364008021BA /* Resources */,
			);
			buildRules = (
			);
			dependencies = (
				F6A23F5926C42364008021BA /* PBXTargetDependency */,
			);
			name = "Blinq-AppTests";
			productName = "Blinq-AppTests";
			productReference = F6A23F5326C42364008021BA /* Blinq-AppTests.xctest */;
			productType = "com.apple.product-type.bundle.unit-test";
		};
		F6A4888726C368F700A07C44 /* Blinq-App */ = {
			isa = PBXNativeTarget;
			buildConfigurationList = F6A4889C26C368FB00A07C44 /* Build configuration list for PBXNativeTarget "Blinq-App" */;
			buildPhases = (
				F6A4888426C368F700A07C44 /* Sources */,
				F6A4888526C368F700A07C44 /* Frameworks */,
				F6A4888626C368F700A07C44 /* Resources */,
			);
			buildRules = (
			);
			dependencies = (
			);
			name = "Blinq-App";
			packageProductDependencies = (
				F6A488A626C36C2900A07C44 /* Lottie */,
			);
			productName = "Blinq-App";
			productReference = F6A4888826C368F700A07C44 /* Blinq-App.app */;
			productType = "com.apple.product-type.application";
		};
/* End PBXNativeTarget section */

/* Begin PBXProject section */
		F6A4888026C368F700A07C44 /* Project object */ = {
			isa = PBXProject;
			attributes = {
				LastSwiftUpdateCheck = 1250;
				LastUpgradeCheck = 1250;
				TargetAttributes = {
					F6A23F5226C42364008021BA = {
						CreatedOnToolsVersion = 12.5.1;
						LastSwiftMigration = 1250;
						TestTargetID = F6A4888726C368F700A07C44;
					};
					F6A4888726C368F700A07C44 = {
						CreatedOnToolsVersion = 12.5.1;
					};
				};
			};
			buildConfigurationList = F6A4888326C368F700A07C44 /* Build configuration list for PBXProject "Blinq-App" */;
			compatibilityVersion = "Xcode 9.3";
			developmentRegion = en;
			hasScannedForEncodings = 0;
			knownRegions = (
				en,
				Base,
			);
			mainGroup = F6A4887F26C368F700A07C44;
			packageReferences = (
				F6A488A526C36C2900A07C44 /* XCRemoteSwiftPackageReference "lottie-ios" */,
			);
			productRefGroup = F6A4888926C368F700A07C44 /* Products */;
			projectDirPath = "";
			projectRoot = "";
			targets = (
				F6A4888726C368F700A07C44 /* Blinq-App */,
				F6A23F5226C42364008021BA /* Blinq-AppTests */,
			);
		};
/* End PBXProject section */

/* Begin PBXResourcesBuildPhase section */
		F6A23F5126C42364008021BA /* Resources */ = {
			isa = PBXResourcesBuildPhase;
			buildActionMask = 2147483647;
			files = (
			);
			runOnlyForDeploymentPostprocessing = 0;
		};
		F6A4888626C368F700A07C44 /* Resources */ = {
			isa = PBXResourcesBuildPhase;
			buildActionMask = 2147483647;
			files = (
				F6A23F4826C40843008021BA /* confetti.json in Resources */,
				F6E34F3926C4D74D00297990 /* logo.jpeg in Resources */,
				F6A23F4E26C4202E008021BA /* cry.json in Resources */,
				F6A4889826C368FB00A07C44 /* LaunchScreen.storyboard in Resources */,
				F6A488AA26C36DBA00A07C44 /* spacial-broccoli.json in Resources */,
				F6A4889526C368FB00A07C44 /* Assets.xcassets in Resources */,
				F6A488AB26C36DBA00A07C44 /* walking-broccoli.json in Resources */,
			);
			runOnlyForDeploymentPostprocessing = 0;
		};
/* End PBXResourcesBuildPhase section */

/* Begin PBXSourcesBuildPhase section */
		F6A23F4F26C42364008021BA /* Sources */ = {
			isa = PBXSourcesBuildPhase;
			buildActionMask = 2147483647;
			files = (
				F6A23F5E26C4238E008021BA /* HomeViewModelTest.swift in Sources */,
				F6E34F3726C4B57100297990 /* HomeViewControllerTests.swift in Sources */,
			);
			runOnlyForDeploymentPostprocessing = 0;
		};
		F6A4888426C368F700A07C44 /* Sources */ = {
			isa = PBXSourcesBuildPhase;
			buildActionMask = 2147483647;
			files = (
				F6A23F2C26C3A598008021BA /* APIPath.swift in Sources */,
				F6A23F3826C3A707008021BA /* SubmitInvitationRequestAPI.swift in Sources */,
				F6A4889026C368F700A07C44 /* HomeViewController.swift in Sources */,
				F6A4888C26C368F700A07C44 /* AppDelegate.swift in Sources */,
				F6A23F3626C3A641008021BA /* ResponseHandler+Extension.swift in Sources */,
				F6A23F3426C3A632008021BA /* RequestHandler+Extension.swift in Sources */,
				F6A23F2426C396BE008021BA /* CustomButton.swift in Sources */,
				F6A23F4426C3C97A008021BA /* RequestModel.swift in Sources */,
				F6A23F4A26C41D36008021BA /* RegistrationCancelled.swift in Sources */,
				F6A4888E26C368F700A07C44 /* SceneDelegate.swift in Sources */,
				F6A23F1F26C37D92008021BA /* UIColor+Extension.swift in Sources */,
				F6A23F3A26C3ABDC008021BA /* HomeViewModel.swift in Sources */,
				F6A23F3026C3A5AE008021BA /* APIHandler.swift in Sources */,
				F6A23F2E26C3A5A2008021BA /* APILoader.swift in Sources */,
				F6A23F4626C40249008021BA /* CongratulationsViewController.swift in Sources */,
				F6A23F3226C3A5C2008021BA /* APIEnvironment.swift in Sources */,
				F6A23F3D26C3AD3A008021BA /* ResponseModel.swift in Sources */,
				F6A23F2226C38D3B008021BA /* CustomTextField.swift in Sources */,
			);
			runOnlyForDeploymentPostprocessing = 0;
		};
/* End PBXSourcesBuildPhase section */

/* Begin PBXTargetDependency section */
		F6A23F5926C42364008021BA /* PBXTargetDependency */ = {
			isa = PBXTargetDependency;
			target = F6A4888726C368F700A07C44 /* Blinq-App */;
			targetProxy = F6A23F5826C42364008021BA /* PBXContainerItemProxy */;
		};
/* End PBXTargetDependency section */

/* Begin PBXVariantGroup section */
		F6A4889626C368FB00A07C44 /* LaunchScreen.storyboard */ = {
			isa = PBXVariantGroup;
			children = (
				F6A4889726C368FB00A07C44 /* Base */,
			);
			name = LaunchScreen.storyboard;
			sourceTree = "<group>";
		};
/* End PBXVariantGroup section */

/* Begin XCBuildConfiguration section */
		F6A23F5B26C42364008021BA /* Debug */ = {
			isa = XCBuildConfiguration;
			buildSettings = {
				BUNDLE_LOADER = "$(TEST_HOST)";
				CLANG_ENABLE_MODULES = YES;
				CODE_SIGN_STYLE = Automatic;
				DEVELOPMENT_TEAM = 7TCT482N32;
				INFOPLIST_FILE = "Blinq-AppTests/Info.plist";
				LD_RUNPATH_SEARCH_PATHS = (
					"$(inherited)",
					"@executable_path/Frameworks",
					"@loader_path/Frameworks",
				);
				PRODUCT_BUNDLE_IDENTIFIER = "com.chazzit.Blinq-AppTests";
				PRODUCT_NAME = "$(TARGET_NAME)";
				SWIFT_OPTIMIZATION_LEVEL = "-Onone";
				SWIFT_VERSION = 5.0;
				TARGETED_DEVICE_FAMILY = "1,2";
				TEST_HOST = "$(BUILT_PRODUCTS_DIR)/Blinq-App.app/Blinq-App";
			};
			name = Debug;
		};
		F6A23F5C26C42364008021BA /* Release */ = {
			isa = XCBuildConfiguration;
			buildSettings = {
				BUNDLE_LOADER = "$(TEST_HOST)";
				CLANG_ENABLE_MODULES = YES;
				CODE_SIGN_STYLE = Automatic;
				DEVELOPMENT_TEAM = 7TCT482N32;
				INFOPLIST_FILE = "Blinq-AppTests/Info.plist";
				LD_RUNPATH_SEARCH_PATHS = (
					"$(inherited)",
					"@executable_path/Frameworks",
					"@loader_path/Frameworks",
				);
				PRODUCT_BUNDLE_IDENTIFIER = "com.chazzit.Blinq-AppTests";
				PRODUCT_NAME = "$(TARGET_NAME)";
				SWIFT_VERSION = 5.0;
				TARGETED_DEVICE_FAMILY = "1,2";
				TEST_HOST = "$(BUILT_PRODUCTS_DIR)/Blinq-App.app/Blinq-App";
			};
			name = Release;
		};
		F6A4889A26C368FB00A07C44 /* Debug */ = {
			isa = XCBuildConfiguration;
			buildSettings = {
				ALWAYS_SEARCH_USER_PATHS = NO;
				CLANG_ANALYZER_NONNULL = YES;
				CLANG_ANALYZER_NUMBER_OBJECT_CONVERSION = YES_AGGRESSIVE;
				CLANG_CXX_LANGUAGE_STANDARD = "gnu++14";
				CLANG_CXX_LIBRARY = "libc++";
				CLANG_ENABLE_MODULES = YES;
				CLANG_ENABLE_OBJC_ARC = YES;
				CLANG_ENABLE_OBJC_WEAK = YES;
				CLANG_WARN_BLOCK_CAPTURE_AUTORELEASING = YES;
				CLANG_WARN_BOOL_CONVERSION = YES;
				CLANG_WARN_COMMA = YES;
				CLANG_WARN_CONSTANT_CONVERSION = YES;
				CLANG_WARN_DEPRECATED_OBJC_IMPLEMENTATIONS = YES;
				CLANG_WARN_DIRECT_OBJC_ISA_USAGE = YES_ERROR;
				CLANG_WARN_DOCUMENTATION_COMMENTS = YES;
				CLANG_WARN_EMPTY_BODY = YES;
				CLANG_WARN_ENUM_CONVERSION = YES;
				CLANG_WARN_INFINITE_RECURSION = YES;
				CLANG_WARN_INT_CONVERSION = YES;
				CLANG_WARN_NON_LITERAL_NULL_CONVERSION = YES;
				CLANG_WARN_OBJC_IMPLICIT_RETAIN_SELF = YES;
				CLANG_WARN_OBJC_LITERAL_CONVERSION = YES;
				CLANG_WARN_OBJC_ROOT_CLASS = YES_ERROR;
				CLANG_WARN_QUOTED_INCLUDE_IN_FRAMEWORK_HEADER = YES;
				CLANG_WARN_RANGE_LOOP_ANALYSIS = YES;
				CLANG_WARN_STRICT_PROTOTYPES = YES;
				CLANG_WARN_SUSPICIOUS_MOVE = YES;
				CLANG_WARN_UNGUARDED_AVAILABILITY = YES_AGGRESSIVE;
				CLANG_WARN_UNREACHABLE_CODE = YES;
				CLANG_WARN__DUPLICATE_METHOD_MATCH = YES;
				COPY_PHASE_STRIP = NO;
				DEAD_CODE_STRIPPING = NO;
				DEBUG_INFORMATION_FORMAT = dwarf;
				ENABLE_STRICT_OBJC_MSGSEND = YES;
				ENABLE_TESTABILITY = YES;
				GCC_C_LANGUAGE_STANDARD = gnu11;
				GCC_DYNAMIC_NO_PIC = NO;
				GCC_NO_COMMON_BLOCKS = YES;
				GCC_OPTIMIZATION_LEVEL = 0;
				GCC_PREPROCESSOR_DEFINITIONS = (
					"DEBUG=1",
					"$(inherited)",
				);
				GCC_WARN_64_TO_32_BIT_CONVERSION = YES;
				GCC_WARN_ABOUT_RETURN_TYPE = YES_ERROR;
				GCC_WARN_UNDECLARED_SELECTOR = YES;
				GCC_WARN_UNINITIALIZED_AUTOS = YES_AGGRESSIVE;
				GCC_WARN_UNUSED_FUNCTION = YES;
				GCC_WARN_UNUSED_VARIABLE = YES;
				IPHONEOS_DEPLOYMENT_TARGET = 14.5;
				MTL_ENABLE_DEBUG_INFO = INCLUDE_SOURCE;
				MTL_FAST_MATH = YES;
				ONLY_ACTIVE_ARCH = YES;
				SDKROOT = iphoneos;
				SWIFT_ACTIVE_COMPILATION_CONDITIONS = DEBUG;
				SWIFT_OPTIMIZATION_LEVEL = "-Onone";
			};
			name = Debug;
		};
		F6A4889B26C368FB00A07C44 /* Release */ = {
			isa = XCBuildConfiguration;
			buildSettings = {
				ALWAYS_SEARCH_USER_PATHS = NO;
				CLANG_ANALYZER_NONNULL = YES;
				CLANG_ANALYZER_NUMBER_OBJECT_CONVERSION = YES_AGGRESSIVE;
				CLANG_CXX_LANGUAGE_STANDARD = "gnu++14";
				CLANG_CXX_LIBRARY = "libc++";
				CLANG_ENABLE_MODULES = YES;
				CLANG_ENABLE_OBJC_ARC = YES;
				CLANG_ENABLE_OBJC_WEAK = YES;
				CLANG_WARN_BLOCK_CAPTURE_AUTORELEASING = YES;
				CLANG_WARN_BOOL_CONVERSION = YES;
				CLANG_WARN_COMMA = YES;
				CLANG_WARN_CONSTANT_CONVERSION = YES;
				CLANG_WARN_DEPRECATED_OBJC_IMPLEMENTATIONS = YES;
				CLANG_WARN_DIRECT_OBJC_ISA_USAGE = YES_ERROR;
				CLANG_WARN_DOCUMENTATION_COMMENTS = YES;
				CLANG_WARN_EMPTY_BODY = YES;
				CLANG_WARN_ENUM_CONVERSION = YES;
				CLANG_WARN_INFINITE_RECURSION = YES;
				CLANG_WARN_INT_CONVERSION = YES;
				CLANG_WARN_NON_LITERAL_NULL_CONVERSION = YES;
				CLANG_WARN_OBJC_IMPLICIT_RETAIN_SELF = YES;
				CLANG_WARN_OBJC_LITERAL_CONVERSION = YES;
				CLANG_WARN_OBJC_ROOT_CLASS = YES_ERROR;
				CLANG_WARN_QUOTED_INCLUDE_IN_FRAMEWORK_HEADER = YES;
				CLANG_WARN_RANGE_LOOP_ANALYSIS = YES;
				CLANG_WARN_STRICT_PROTOTYPES = YES;
				CLANG_WARN_SUSPICIOUS_MOVE = YES;
				CLANG_WARN_UNGUARDED_AVAILABILITY = YES_AGGRESSIVE;
				CLANG_WARN_UNREACHABLE_CODE = YES;
				CLANG_WARN__DUPLICATE_METHOD_MATCH = YES;
				COPY_PHASE_STRIP = NO;
				DEAD_CODE_STRIPPING = NO;
				DEBUG_INFORMATION_FORMAT = "dwarf-with-dsym";
				ENABLE_NS_ASSERTIONS = NO;
				ENABLE_STRICT_OBJC_MSGSEND = YES;
				GCC_C_LANGUAGE_STANDARD = gnu11;
				GCC_NO_COMMON_BLOCKS = YES;
				GCC_WARN_64_TO_32_BIT_CONVERSION = YES;
				GCC_WARN_ABOUT_RETURN_TYPE = YES_ERROR;
				GCC_WARN_UNDECLARED_SELECTOR = YES;
				GCC_WARN_UNINITIALIZED_AUTOS = YES_AGGRESSIVE;
				GCC_WARN_UNUSED_FUNCTION = YES;
				GCC_WARN_UNUSED_VARIABLE = YES;
				IPHONEOS_DEPLOYMENT_TARGET = 14.5;
				MTL_ENABLE_DEBUG_INFO = NO;
				MTL_FAST_MATH = YES;
				SDKROOT = iphoneos;
				SWIFT_COMPILATION_MODE = wholemodule;
				SWIFT_OPTIMIZATION_LEVEL = "-O";
				VALIDATE_PRODUCT = YES;
			};
			name = Release;
		};
		F6A4889D26C368FB00A07C44 /* Debug */ = {
			isa = XCBuildConfiguration;
			buildSettings = {
				ASSETCATALOG_COMPILER_APPICON_NAME = AppIcon;
				ASSETCATALOG_COMPILER_GLOBAL_ACCENT_COLOR_NAME = AccentColor;
				CODE_SIGN_STYLE = Automatic;
				CURRENT_PROJECT_VERSION = 1.0;
				DEVELOPMENT_TEAM = 7TCT482N32;
				INFOPLIST_FILE = "Blinq-App/Resources/Info.plist";
				IPHONEOS_DEPLOYMENT_TARGET = 13.0;
				LD_RUNPATH_SEARCH_PATHS = (
					"$(inherited)",
					"@executable_path/Frameworks",
				);
				MARKETING_VERSION = 1.0;
				PRODUCT_BUNDLE_IDENTIFIER = "com.chazzit.Blinq-App";
				PRODUCT_NAME = "$(TARGET_NAME)";
				SWIFT_VERSION = 5.0;
				TARGETED_DEVICE_FAMILY = 1;
			};
			name = Debug;
		};
		F6A4889E26C368FB00A07C44 /* Release */ = {
			isa = XCBuildConfiguration;
			buildSettings = {
				ASSETCATALOG_COMPILER_APPICON_NAME = AppIcon;
				ASSETCATALOG_COMPILER_GLOBAL_ACCENT_COLOR_NAME = AccentColor;
				CODE_SIGN_STYLE = Automatic;
				CURRENT_PROJECT_VERSION = 1.0;
				DEVELOPMENT_TEAM = 7TCT482N32;
				INFOPLIST_FILE = "Blinq-App/Resources/Info.plist";
				IPHONEOS_DEPLOYMENT_TARGET = 13.0;
				LD_RUNPATH_SEARCH_PATHS = (
					"$(inherited)",
					"@executable_path/Frameworks",
				);
				MARKETING_VERSION = 1.0;
				PRODUCT_BUNDLE_IDENTIFIER = "com.chazzit.Blinq-App";
				PRODUCT_NAME = "$(TARGET_NAME)";
				SWIFT_VERSION = 5.0;
				TARGETED_DEVICE_FAMILY = 1;
			};
			name = Release;
		};
/* End XCBuildConfiguration section */

/* Begin XCConfigurationList section */
		F6A23F5A26C42364008021BA /* Build configuration list for PBXNativeTarget "Blinq-AppTests" */ = {
			isa = XCConfigurationList;
			buildConfigurations = (
				F6A23F5B26C42364008021BA /* Debug */,
				F6A23F5C26C42364008021BA /* Release */,
			);
			defaultConfigurationIsVisible = 0;
			defaultConfigurationName = Release;
		};
		F6A4888326C368F700A07C44 /* Build configuration list for PBXProject "Blinq-App" */ = {
			isa = XCConfigurationList;
			buildConfigurations = (
				F6A4889A26C368FB00A07C44 /* Debug */,
				F6A4889B26C368FB00A07C44 /* Release */,
			);
			defaultConfigurationIsVisible = 0;
			defaultConfigurationName = Release;
		};
		F6A4889C26C368FB00A07C44 /* Build configuration list for PBXNativeTarget "Blinq-App" */ = {
			isa = XCConfigurationList;
			buildConfigurations = (
				F6A4889D26C368FB00A07C44 /* Debug */,
				F6A4889E26C368FB00A07C44 /* Release */,
			);
			defaultConfigurationIsVisible = 0;
			defaultConfigurationName = Release;
		};
/* End XCConfigurationList section */

/* Begin XCRemoteSwiftPackageReference section */
		F6A488A526C36C2900A07C44 /* XCRemoteSwiftPackageReference "lottie-ios" */ = {
			isa = XCRemoteSwiftPackageReference;
			repositoryURL = "https://github.com/airbnb/lottie-ios";
			requirement = {
				kind = upToNextMajorVersion;
				minimumVersion = 3.2.3;
			};
		};
/* End XCRemoteSwiftPackageReference section */

/* Begin XCSwiftPackageProductDependency section */
		F6A488A626C36C2900A07C44 /* Lottie */ = {
			isa = XCSwiftPackageProductDependency;
			package = F6A488A526C36C2900A07C44 /* XCRemoteSwiftPackageReference "lottie-ios" */;
			productName = Lottie;
		};
/* End XCSwiftPackageProductDependency section */
	};
	rootObject = F6A4888026C368F700A07C44 /* Project object */;
}
